
Microsoft Visual Studio Solution File, Format Version 12.00
# Visual Studio 15
VisualStudioVersion = 15.0.27703.2042
MinimumVisualStudioVersion = 10.0.40219.1
Project("{FAE04EC0-301F-11D3-BF4B-00C04F79EFBC}") = "PdfGenerator", "PdfGenerator\PdfGenerator.csproj", "{1E210550-631E-4B69-BF3D-F1432D33080A}"
EndProject
Project("{FAE04EC0-301F-11D3-BF4B-00C04F79EFBC}") = "PdfGenerator_conveer", "PdfGenerator_conveer\PdfGenerator_conveer.csproj", "{90F949B4-4979-4480-AED5-9DACAF744AC9}"
EndProject
Global
	GlobalSection(SolutionConfigurationPlatforms) = preSolution
		Debug|Any CPU = Debug|Any CPU
		Release|Any CPU = Release|Any CPU
	EndGlobalSection
	GlobalSection(ProjectConfigurationPlatforms) = postSolution
		{1E210550-631E-4B69-BF3D-F1432D33080A}.Debug|Any CPU.ActiveCfg = Debug|Any CPU
		{1E210550-631E-4B69-BF3D-F1432D33080A}.Debug|Any CPU.Build.0 = Debug|Any CPU
		{1E210550-631E-4B69-BF3D-F1432D33080A}.Release|Any CPU.ActiveCfg = Release|Any CPU
		{1E210550-631E-4B69-BF3D-F1432D33080A}.Release|Any CPU.Build.0 = Release|Any CPU
		{90F949B4-4979-4480-AED5-9DACAF744AC9}.Debug|Any CPU.ActiveCfg = Debug|Any CPU
		{90F949B4-4979-4480-AED5-9DACAF744AC9}.Debug|Any CPU.Build.0 = Debug|Any CPU
		{90F949B4-4979-4480-AED5-9DACAF744AC9}.Release|Any CPU.ActiveCfg = Release|Any CPU
		{90F949B4-4979-4480-AED5-9DACAF744AC9}.Release|Any CPU.Build.0 = Release|Any CPU
	EndGlobalSection
	GlobalSection(SolutionProperties) = preSolution
		HideSolutionNode = FALSE
	EndGlobalSection
	GlobalSection(ExtensibilityGlobals) = postSolution
		SolutionGuid = {432EB400-095D-44FA-BDAB-5FE7C96D7224}
	EndGlobalSection
EndGlobal
