
Microsoft Visual Studio Solution File, Format Version 12.00
# Visual Studio 15
VisualStudioVersion = 15.0.27703.2042
MinimumVisualStudioVersion = 10.0.40219.1
Project("{9A19103F-16F7-4668-BE54-9A1E7A4F7556}") = "RESTful_asp_net_core", "RESTful_asp.net core\RESTful_asp_net_core.csproj", "{517C3143-A77F-45D7-8061-C682CA37DAA5}"
EndProject
Project("{FAE04EC0-301F-11D3-BF4B-00C04F79EFBC}") = "Angularjs", "Angularjs\Angularjs.csproj", "{09EE2C9A-D24B-47BC-B2CA-5F85943F4754}"
EndProject
Global
	GlobalSection(SolutionConfigurationPlatforms) = preSolution
		Debug|Any CPU = Debug|Any CPU
		Release|Any CPU = Release|Any CPU
	EndGlobalSection
	GlobalSection(ProjectConfigurationPlatforms) = postSolution
		{517C3143-A77F-45D7-8061-C682CA37DAA5}.Debug|Any CPU.ActiveCfg = Debug|Any CPU
		{517C3143-A77F-45D7-8061-C682CA37DAA5}.Debug|Any CPU.Build.0 = Debug|Any CPU
		{517C3143-A77F-45D7-8061-C682CA37DAA5}.Release|Any CPU.ActiveCfg = Release|Any CPU
		{517C3143-A77F-45D7-8061-C682CA37DAA5}.Release|Any CPU.Build.0 = Release|Any CPU
		{09EE2C9A-D24B-47BC-B2CA-5F85943F4754}.Debug|Any CPU.ActiveCfg = Debug|Any CPU
		{09EE2C9A-D24B-47BC-B2CA-5F85943F4754}.Debug|Any CPU.Build.0 = Debug|Any CPU
		{09EE2C9A-D24B-47BC-B2CA-5F85943F4754}.Release|Any CPU.ActiveCfg = Release|Any CPU
		{09EE2C9A-D24B-47BC-B2CA-5F85943F4754}.Release|Any CPU.Build.0 = Release|Any CPU
	EndGlobalSection
	GlobalSection(SolutionProperties) = preSolution
		HideSolutionNode = FALSE
	EndGlobalSection
	GlobalSection(ExtensibilityGlobals) = postSolution
		SolutionGuid = {2D8F4C74-8ADB-45DF-91DF-2CE399AC750D}
	EndGlobalSection
EndGlobal
